{
  "version": 4,
  "terraform_version": "0.13.3",
  "serial": 162,
  "lineage": "dc03937d-b520-c454-c70a-903b0ed5008a",
  "outputs": {},
  "resources": [
    {
      "mode": "managed",
      "type": "azurerm_network_interface",
      "name": "hub_vm_nic_1",
      "provider": "provider[\"registry.terraform.io/hashicorp/azurerm\"]",
      "instances": [
        {
          "schema_version": 0,
          "attributes": {
            "applied_dns_servers": [],
            "dns_servers": [],
            "enable_accelerated_networking": false,
            "enable_ip_forwarding": false,
            "id": "/subscriptions/26e1cfc4-443a-4b81-96ae-f915a736c065/resourceGroups/az_hub_rg_1/providers/Microsoft.Network/networkInterfaces/az_hub_vm_nic_1",
            "internal_dns_name_label": "",
            "internal_domain_name_suffix": "ndlxmorka0lehdqifjmo3nzkgb.dx.internal.cloudapp.net",
            "ip_configuration": [
              {
                "name": "az_hub_vm_nic_1_config",
                "primary": true,
                "private_ip_address": "10.0.2.4",
                "private_ip_address_allocation": "Dynamic",
                "private_ip_address_version": "IPv4",
                "public_ip_address_id": "/subscriptions/26e1cfc4-443a-4b81-96ae-f915a736c065/resourceGroups/az_hub_rg_1/providers/Microsoft.Network/publicIPAddresses/az_hub_pub_ip_1",
                "subnet_id": "/subscriptions/26e1cfc4-443a-4b81-96ae-f915a736c065/resourceGroups/az_hub_rg_1/providers/Microsoft.Network/virtualNetworks/az_hub_vn_1/subnets/az_hub_subnet_10_0_2"
              }
            ],
            "location": "westus",
            "mac_address": "00-0D-3A-32-41-EB",
            "name": "az_hub_vm_nic_1",
            "private_ip_address": "10.0.2.4",
            "private_ip_addresses": [
              "10.0.2.4"
            ],
            "resource_group_name": "az_hub_rg_1",
            "tags": {},
            "timeouts": null,
            "virtual_machine_id": "/subscriptions/26e1cfc4-443a-4b81-96ae-f915a736c065/resourceGroups/az_hub_rg_1/providers/Microsoft.Compute/virtualMachines/az_hub_vm_1"
          },
          "private": "eyJlMmJmYjczMC1lY2FhLTExZTYtOGY4OC0zNDM2M2JjN2M0YzAiOnsiY3JlYXRlIjoxODAwMDAwMDAwMDAwLCJkZWxldGUiOjE4MDAwMDAwMDAwMDAsInJlYWQiOjMwMDAwMDAwMDAwMCwidXBkYXRlIjoxODAwMDAwMDAwMDAwfX0=",
          "dependencies": [
            "azurerm_public_ip.hub_pub_ip_1",
            "azurerm_resource_group.hub_rg_1",
            "azurerm_subnet.hub_subnet_1",
            "azurerm_virtual_network.hub_virt_nw_1"
          ]
        }
      ]
    },
    {
      "mode": "managed",
      "type": "azurerm_network_interface",
      "name": "onprem_vm_nic_1",
      "provider": "provider[\"registry.terraform.io/hashicorp/azurerm\"]",
      "instances": [
        {
          "schema_version": 0,
          "attributes": {
            "applied_dns_servers": [],
            "dns_servers": [],
            "enable_accelerated_networking": false,
            "enable_ip_forwarding": false,
            "id": "/subscriptions/26e1cfc4-443a-4b81-96ae-f915a736c065/resourceGroups/az_onprem_rg_1/providers/Microsoft.Network/networkInterfaces/az_onprem_vm_nic_1",
            "internal_dns_name_label": "",
            "internal_domain_name_suffix": "puo5zryvrhquvpf4ngdd3332qh.bx.internal.cloudapp.net",
            "ip_configuration": [
              {
                "name": "az_onprem_vm_nic_1_config",
                "primary": true,
                "private_ip_address": "192.168.2.4",
                "private_ip_address_allocation": "Dynamic",
                "private_ip_address_version": "IPv4",
                "public_ip_address_id": "/subscriptions/26e1cfc4-443a-4b81-96ae-f915a736c065/resourceGroups/az_onprem_rg_1/providers/Microsoft.Network/publicIPAddresses/az_onprem_pub_ip_1",
                "subnet_id": "/subscriptions/26e1cfc4-443a-4b81-96ae-f915a736c065/resourceGroups/az_onprem_rg_1/providers/Microsoft.Network/virtualNetworks/az_onprem_vn_1/subnets/az_onprem_subnet_1"
              }
            ],
            "location": "eastus",
            "mac_address": "00-0D-3A-4F-C6-66",
            "name": "az_onprem_vm_nic_1",
            "private_ip_address": "192.168.2.4",
            "private_ip_addresses": [
              "192.168.2.4"
            ],
            "resource_group_name": "az_onprem_rg_1",
            "tags": {},
            "timeouts": null,
            "virtual_machine_id": "/subscriptions/26e1cfc4-443a-4b81-96ae-f915a736c065/resourceGroups/az_onprem_rg_1/providers/Microsoft.Compute/virtualMachines/az_onprem_vm_1"
          },
          "private": "eyJlMmJmYjczMC1lY2FhLTExZTYtOGY4OC0zNDM2M2JjN2M0YzAiOnsiY3JlYXRlIjoxODAwMDAwMDAwMDAwLCJkZWxldGUiOjE4MDAwMDAwMDAwMDAsInJlYWQiOjMwMDAwMDAwMDAwMCwidXBkYXRlIjoxODAwMDAwMDAwMDAwfX0=",
          "dependencies": [
            "azurerm_public_ip.onprem_pub_ip_1",
            "azurerm_resource_group.onprem_rg_1",
            "azurerm_subnet.onprem_subnet_1",
            "azurerm_virtual_network.onprem_virt_nw_1"
          ]
        }
      ]
    },
    {
      "mode": "managed",
      "type": "azurerm_network_interface",
      "name": "spoke_1_vm_nic_1",
      "provider": "provider[\"registry.terraform.io/hashicorp/azurerm\"]",
      "instances": [
        {
          "schema_version": 0,
          "attributes": {
            "applied_dns_servers": [],
            "dns_servers": [],
            "enable_accelerated_networking": false,
            "enable_ip_forwarding": false,
            "id": "/subscriptions/26e1cfc4-443a-4b81-96ae-f915a736c065/resourceGroups/az_spoke_1_rg_1/providers/Microsoft.Network/networkInterfaces/az_spoke_1_vm_nic_1",
            "internal_dns_name_label": "",
            "internal_domain_name_suffix": "ojt4fw4uf3iudntxxkpyxpvddg.bx.internal.cloudapp.net",
            "ip_configuration": [
              {
                "name": "az_spoke_1_vm_nic_1_config",
                "primary": true,
                "private_ip_address": "10.1.0.4",
                "private_ip_address_allocation": "Dynamic",
                "private_ip_address_version": "IPv4",
                "public_ip_address_id": "/subscriptions/26e1cfc4-443a-4b81-96ae-f915a736c065/resourceGroups/az_spoke_1_rg_1/providers/Microsoft.Network/publicIPAddresses/az_spoke_1_pub_ip_1",
                "subnet_id": "/subscriptions/26e1cfc4-443a-4b81-96ae-f915a736c065/resourceGroups/az_spoke_1_rg_1/providers/Microsoft.Network/virtualNetworks/az_spoke_1_vn_1/subnets/az_spoke_1_subnet_1"
              }
            ],
            "location": "eastus",
            "mac_address": "00-0D-3A-9C-F5-4B",
            "name": "az_spoke_1_vm_nic_1",
            "private_ip_address": "10.1.0.4",
            "private_ip_addresses": [
              "10.1.0.4"
            ],
            "resource_group_name": "az_spoke_1_rg_1",
            "tags": {},
            "timeouts": null,
            "virtual_machine_id": "/subscriptions/26e1cfc4-443a-4b81-96ae-f915a736c065/resourceGroups/az_spoke_1_rg_1/providers/Microsoft.Compute/virtualMachines/az_spoke_1_vm_1"
          },
          "private": "eyJlMmJmYjczMC1lY2FhLTExZTYtOGY4OC0zNDM2M2JjN2M0YzAiOnsiY3JlYXRlIjoxODAwMDAwMDAwMDAwLCJkZWxldGUiOjE4MDAwMDAwMDAwMDAsInJlYWQiOjMwMDAwMDAwMDAwMCwidXBkYXRlIjoxODAwMDAwMDAwMDAwfX0=",
          "dependencies": [
            "azurerm_public_ip.spoke_1_pub_ip_1",
            "azurerm_resource_group.spoke_1_rg_1",
            "azurerm_subnet.spoke_1_subnet_1"
          ]
        }
      ]
    },
    {
      "mode": "managed",
      "type": "azurerm_network_interface",
      "name": "spoke_2_vm_1_nic_1",
      "provider": "provider[\"registry.terraform.io/hashicorp/azurerm\"]",
      "instances": [
        {
          "schema_version": 0,
          "attributes": {
            "applied_dns_servers": [],
            "dns_servers": [],
            "enable_accelerated_networking": false,
            "enable_ip_forwarding": false,
            "id": "/subscriptions/26e1cfc4-443a-4b81-96ae-f915a736c065/resourceGroups/az_spoke_2_rg_1/providers/Microsoft.Network/networkInterfaces/az_spoke_2_vm_1_nic_1",
            "internal_dns_name_label": "",
            "internal_domain_name_suffix": "1adzmumpufbehccjwiadafw5uc.bx.internal.cloudapp.net",
            "ip_configuration": [
              {
                "name": "az_spoke_2_vm_1_nic_1_config",
                "primary": true,
                "private_ip_address": "10.2.0.4",
                "private_ip_address_allocation": "Dynamic",
                "private_ip_address_version": "IPv4",
                "public_ip_address_id": "/subscriptions/26e1cfc4-443a-4b81-96ae-f915a736c065/resourceGroups/az_spoke_2_rg_1/providers/Microsoft.Network/publicIPAddresses/az_spoke_2_vm_1_pub_ip_1",
                "subnet_id": "/subscriptions/26e1cfc4-443a-4b81-96ae-f915a736c065/resourceGroups/az_spoke_2_rg_1/providers/Microsoft.Network/virtualNetworks/az_spoke_2_vn_1/subnets/az_spoke_2_subnet_1"
              }
            ],
            "location": "eastus",
            "mac_address": "00-0D-3A-54-6F-BB",
            "name": "az_spoke_2_vm_1_nic_1",
            "private_ip_address": "10.2.0.4",
            "private_ip_addresses": [
              "10.2.0.4"
            ],
            "resource_group_name": "az_spoke_2_rg_1",
            "tags": {
              "attachedTo": "VM1",
              "env": "spoke_2",
              "type": "NIC"
            },
            "timeouts": null,
            "virtual_machine_id": "/subscriptions/26e1cfc4-443a-4b81-96ae-f915a736c065/resourceGroups/az_spoke_2_rg_1/providers/Microsoft.Compute/virtualMachines/az_spoke_2_vm_1"
          },
          "private": "eyJlMmJmYjczMC1lY2FhLTExZTYtOGY4OC0zNDM2M2JjN2M0YzAiOnsiY3JlYXRlIjoxODAwMDAwMDAwMDAwLCJkZWxldGUiOjE4MDAwMDAwMDAwMDAsInJlYWQiOjMwMDAwMDAwMDAwMCwidXBkYXRlIjoxODAwMDAwMDAwMDAwfX0=",
          "dependencies": [
            "azurerm_public_ip.spoke_2_vm_1_pub_ip_1",
            "azurerm_resource_group.spoke_2_rg_1",
            "azurerm_subnet.spoke_2_subnet_1"
          ]
        }
      ]
    },
    {
      "mode": "managed",
      "type": "azurerm_network_interface",
      "name": "spoke_2_vm_2_nic_1",
      "provider": "provider[\"registry.terraform.io/hashicorp/azurerm\"]",
      "instances": [
        {
          "schema_version": 0,
          "attributes": {
            "applied_dns_servers": [],
            "dns_servers": [],
            "enable_accelerated_networking": false,
            "enable_ip_forwarding": false,
            "id": "/subscriptions/26e1cfc4-443a-4b81-96ae-f915a736c065/resourceGroups/az_spoke_2_rg_1/providers/Microsoft.Network/networkInterfaces/az_spoke_2_vm_2_nic_1",
            "internal_dns_name_label": "",
            "internal_domain_name_suffix": "1adzmumpufbehccjwiadafw5uc.bx.internal.cloudapp.net",
            "ip_configuration": [
              {
                "name": "az_spoke_2_vm_2_nic_1_config",
                "primary": true,
                "private_ip_address": "10.2.2.4",
                "private_ip_address_allocation": "Dynamic",
                "private_ip_address_version": "IPv4",
                "public_ip_address_id": "/subscriptions/26e1cfc4-443a-4b81-96ae-f915a736c065/resourceGroups/az_spoke_2_rg_1/providers/Microsoft.Network/publicIPAddresses/az_spoke_2_vm_2_pub_ip_1",
                "subnet_id": "/subscriptions/26e1cfc4-443a-4b81-96ae-f915a736c065/resourceGroups/az_spoke_2_rg_1/providers/Microsoft.Network/virtualNetworks/az_spoke_2_vn_1/subnets/az_spoke_2_subnet_2"
              }
            ],
            "location": "eastus",
            "mac_address": "",
            "name": "az_spoke_2_vm_2_nic_1",
            "private_ip_address": "10.2.2.4",
            "private_ip_addresses": [
              "10.2.2.4"
            ],
            "resource_group_name": "az_spoke_2_rg_1",
            "tags": null,
            "timeouts": null,
            "virtual_machine_id": ""
          },
          "private": "eyJlMmJmYjczMC1lY2FhLTExZTYtOGY4OC0zNDM2M2JjN2M0YzAiOnsiY3JlYXRlIjoxODAwMDAwMDAwMDAwLCJkZWxldGUiOjE4MDAwMDAwMDAwMDAsInJlYWQiOjMwMDAwMDAwMDAwMCwidXBkYXRlIjoxODAwMDAwMDAwMDAwfX0=",
          "dependencies": [
            "azurerm_public_ip.spoke_2_vm_2_pub_ip_1",
            "azurerm_resource_group.spoke_2_rg_1",
            "azurerm_subnet.spoke_2_subnet_2"
          ]
        }
      ]
    },
    {
      "mode": "managed",
      "type": "azurerm_network_security_group",
      "name": "onprem_nsg_1",
      "provider": "provider[\"registry.terraform.io/hashicorp/azurerm\"]",
      "instances": [
        {
          "schema_version": 0,
          "attributes": {
            "id": "/subscriptions/26e1cfc4-443a-4b81-96ae-f915a736c065/resourceGroups/az_onprem_rg_1/providers/Microsoft.Network/networkSecurityGroups/az_onprem_nsg_allow_ssh_22",
            "location": "eastus",
            "name": "az_onprem_nsg_allow_ssh_22",
            "resource_group_name": "az_onprem_rg_1",
            "security_rule": [
              {
                "access": "Allow",
                "description": "",
                "destination_address_prefix": "*",
                "destination_address_prefixes": [],
                "destination_application_security_group_ids": [],
                "destination_port_range": "22",
                "destination_port_ranges": [],
                "direction": "Inbound",
                "name": "IN-SSH-22",
                "priority": 1001,
                "protocol": "Tcp",
                "source_address_prefix": "*",
                "source_address_prefixes": [],
                "source_application_security_group_ids": [],
                "source_port_range": "*",
                "source_port_ranges": []
              },
              {
                "access": "Deny",
                "description": "",
                "destination_address_prefix": "*",
                "destination_address_prefixes": [],
                "destination_application_security_group_ids": [],
                "destination_port_range": "22",
                "destination_port_ranges": [],
                "direction": "Outbound",
                "name": "OUT-SSH-22",
                "priority": 1001,
                "protocol": "Tcp",
                "source_address_prefix": "*",
                "source_address_prefixes": [],
                "source_application_security_group_ids": [],
                "source_port_range": "*",
                "source_port_ranges": []
              }
            ],
            "tags": {
              "env": "onprem"
            },
            "timeouts": null
          },
          "private": "eyJlMmJmYjczMC1lY2FhLTExZTYtOGY4OC0zNDM2M2JjN2M0YzAiOnsiY3JlYXRlIjoxODAwMDAwMDAwMDAwLCJkZWxldGUiOjE4MDAwMDAwMDAwMDAsInJlYWQiOjMwMDAwMDAwMDAwMCwidXBkYXRlIjoxODAwMDAwMDAwMDAwfX0=",
          "dependencies": [
            "azurerm_resource_group.onprem_rg_1"
          ]
        }
      ]
    },
    {
      "mode": "managed",
      "type": "azurerm_public_ip",
      "name": "hub_pub_ip_1",
      "provider": "provider[\"registry.terraform.io/hashicorp/azurerm\"]",
      "instances": [
        {
          "schema_version": 0,
          "attributes": {
            "allocation_method": "Dynamic",
            "domain_name_label": null,
            "fqdn": null,
            "id": "/subscriptions/26e1cfc4-443a-4b81-96ae-f915a736c065/resourceGroups/az_hub_rg_1/providers/Microsoft.Network/publicIPAddresses/az_hub_pub_ip_1",
            "idle_timeout_in_minutes": 4,
            "ip_address": "104.42.60.160",
            "ip_version": "IPv4",
            "location": "westus",
            "name": "az_hub_pub_ip_1",
            "public_ip_prefix_id": null,
            "resource_group_name": "az_hub_rg_1",
            "reverse_fqdn": null,
            "sku": "Basic",
            "tags": {
              "env": "hub",
              "type": "PubIP"
            },
            "timeouts": null,
            "zones": []
          },
          "private": "eyJlMmJmYjczMC1lY2FhLTExZTYtOGY4OC0zNDM2M2JjN2M0YzAiOnsiY3JlYXRlIjoxODAwMDAwMDAwMDAwLCJkZWxldGUiOjE4MDAwMDAwMDAwMDAsInJlYWQiOjMwMDAwMDAwMDAwMCwidXBkYXRlIjoxODAwMDAwMDAwMDAwfX0=",
          "dependencies": [
            "azurerm_resource_group.hub_rg_1"
          ]
        }
      ]
    },
    {
      "mode": "managed",
      "type": "azurerm_public_ip",
      "name": "hub_vpngw_pub_ip_1",
      "provider": "provider[\"registry.terraform.io/hashicorp/azurerm\"]",
      "instances": [
        {
          "schema_version": 0,
          "attributes": {
            "allocation_method": "Dynamic",
            "domain_name_label": null,
            "fqdn": null,
            "id": "/subscriptions/26e1cfc4-443a-4b81-96ae-f915a736c065/resourceGroups/az_hub_rg_1/providers/Microsoft.Network/publicIPAddresses/az_hub_vpngw_pub_ip_1",
            "idle_timeout_in_minutes": 4,
            "ip_address": "104.42.248.206",
            "ip_version": "IPv4",
            "location": "westus",
            "name": "az_hub_vpngw_pub_ip_1",
            "public_ip_prefix_id": null,
            "resource_group_name": "az_hub_rg_1",
            "reverse_fqdn": null,
            "sku": "Basic",
            "tags": {
              "env": "hub",
              "usedby": "VPN GW"
            },
            "timeouts": null,
            "zones": []
          },
          "private": "eyJlMmJmYjczMC1lY2FhLTExZTYtOGY4OC0zNDM2M2JjN2M0YzAiOnsiY3JlYXRlIjoxODAwMDAwMDAwMDAwLCJkZWxldGUiOjE4MDAwMDAwMDAwMDAsInJlYWQiOjMwMDAwMDAwMDAwMCwidXBkYXRlIjoxODAwMDAwMDAwMDAwfX0=",
          "dependencies": [
            "azurerm_resource_group.hub_rg_1"
          ]
        }
      ]
    },
    {
      "mode": "managed",
      "type": "azurerm_public_ip",
      "name": "onprem_pub_ip_1",
      "provider": "provider[\"registry.terraform.io/hashicorp/azurerm\"]",
      "instances": [
        {
          "schema_version": 0,
          "attributes": {
            "allocation_method": "Dynamic",
            "domain_name_label": null,
            "fqdn": null,
            "id": "/subscriptions/26e1cfc4-443a-4b81-96ae-f915a736c065/resourceGroups/az_onprem_rg_1/providers/Microsoft.Network/publicIPAddresses/az_onprem_pub_ip_1",
            "idle_timeout_in_minutes": 4,
            "ip_address": "40.121.70.135",
            "ip_version": "IPv4",
            "location": "eastus",
            "name": "az_onprem_pub_ip_1",
            "public_ip_prefix_id": null,
            "resource_group_name": "az_onprem_rg_1",
            "reverse_fqdn": null,
            "sku": "Basic",
            "tags": {
              "env": "onprem"
            },
            "timeouts": null,
            "zones": []
          },
          "private": "eyJlMmJmYjczMC1lY2FhLTExZTYtOGY4OC0zNDM2M2JjN2M0YzAiOnsiY3JlYXRlIjoxODAwMDAwMDAwMDAwLCJkZWxldGUiOjE4MDAwMDAwMDAwMDAsInJlYWQiOjMwMDAwMDAwMDAwMCwidXBkYXRlIjoxODAwMDAwMDAwMDAwfX0=",
          "dependencies": [
            "azurerm_resource_group.onprem_rg_1"
          ]
        }
      ]
    },
    {
      "mode": "managed",
      "type": "azurerm_public_ip",
      "name": "onprem_vpngw_pub_ip_1",
      "provider": "provider[\"registry.terraform.io/hashicorp/azurerm\"]",
      "instances": [
        {
          "schema_version": 0,
          "attributes": {
            "allocation_method": "Dynamic",
            "domain_name_label": null,
            "fqdn": null,
            "id": "/subscriptions/26e1cfc4-443a-4b81-96ae-f915a736c065/resourceGroups/az_onprem_rg_1/providers/Microsoft.Network/publicIPAddresses/az_onprem_vpngw_pub_ip_1",
            "idle_timeout_in_minutes": 4,
            "ip_address": "13.82.68.220",
            "ip_version": "IPv4",
            "location": "eastus",
            "name": "az_onprem_vpngw_pub_ip_1",
            "public_ip_prefix_id": null,
            "resource_group_name": "az_onprem_rg_1",
            "reverse_fqdn": null,
            "sku": "Basic",
            "tags": {
              "env": "onprem",
              "usedby": "VPN GW"
            },
            "timeouts": null,
            "zones": []
          },
          "private": "eyJlMmJmYjczMC1lY2FhLTExZTYtOGY4OC0zNDM2M2JjN2M0YzAiOnsiY3JlYXRlIjoxODAwMDAwMDAwMDAwLCJkZWxldGUiOjE4MDAwMDAwMDAwMDAsInJlYWQiOjMwMDAwMDAwMDAwMCwidXBkYXRlIjoxODAwMDAwMDAwMDAwfX0=",
          "dependencies": [
            "azurerm_resource_group.onprem_rg_1"
          ]
        }
      ]
    },
    {
      "mode": "managed",
      "type": "azurerm_public_ip",
      "name": "spoke_1_pub_ip_1",
      "provider": "provider[\"registry.terraform.io/hashicorp/azurerm\"]",
      "instances": [
        {
          "schema_version": 0,
          "attributes": {
            "allocation_method": "Dynamic",
            "domain_name_label": null,
            "fqdn": null,
            "id": "/subscriptions/26e1cfc4-443a-4b81-96ae-f915a736c065/resourceGroups/az_spoke_1_rg_1/providers/Microsoft.Network/publicIPAddresses/az_spoke_1_pub_ip_1",
            "idle_timeout_in_minutes": 4,
            "ip_address": "52.186.9.17",
            "ip_version": "IPv4",
            "location": "eastus",
            "name": "az_spoke_1_pub_ip_1",
            "public_ip_prefix_id": null,
            "resource_group_name": "az_spoke_1_rg_1",
            "reverse_fqdn": null,
            "sku": "Basic",
            "tags": {
              "env": "spoke_1"
            },
            "timeouts": null,
            "zones": []
          },
          "private": "eyJlMmJmYjczMC1lY2FhLTExZTYtOGY4OC0zNDM2M2JjN2M0YzAiOnsiY3JlYXRlIjoxODAwMDAwMDAwMDAwLCJkZWxldGUiOjE4MDAwMDAwMDAwMDAsInJlYWQiOjMwMDAwMDAwMDAwMCwidXBkYXRlIjoxODAwMDAwMDAwMDAwfX0=",
          "dependencies": [
            "azurerm_resource_group.spoke_1_rg_1"
          ]
        }
      ]
    },
    {
      "mode": "managed",
      "type": "azurerm_public_ip",
      "name": "spoke_2_vm_1_pub_ip_1",
      "provider": "provider[\"registry.terraform.io/hashicorp/azurerm\"]",
      "instances": [
        {
          "schema_version": 0,
          "attributes": {
            "allocation_method": "Dynamic",
            "domain_name_label": null,
            "fqdn": null,
            "id": "/subscriptions/26e1cfc4-443a-4b81-96ae-f915a736c065/resourceGroups/az_spoke_2_rg_1/providers/Microsoft.Network/publicIPAddresses/az_spoke_2_vm_1_pub_ip_1",
            "idle_timeout_in_minutes": 4,
            "ip_address": "13.90.143.88",
            "ip_version": "IPv4",
            "location": "eastus",
            "name": "az_spoke_2_vm_1_pub_ip_1",
            "public_ip_prefix_id": null,
            "resource_group_name": "az_spoke_2_rg_1",
            "reverse_fqdn": null,
            "sku": "Basic",
            "tags": {
              "attachedTo": "VM1",
              "env": "spoke_2",
              "type": "VM"
            },
            "timeouts": null,
            "zones": []
          },
          "private": "eyJlMmJmYjczMC1lY2FhLTExZTYtOGY4OC0zNDM2M2JjN2M0YzAiOnsiY3JlYXRlIjoxODAwMDAwMDAwMDAwLCJkZWxldGUiOjE4MDAwMDAwMDAwMDAsInJlYWQiOjMwMDAwMDAwMDAwMCwidXBkYXRlIjoxODAwMDAwMDAwMDAwfX0=",
          "dependencies": [
            "azurerm_resource_group.spoke_2_rg_1"
          ]
        }
      ]
    },
    {
      "mode": "managed",
      "type": "azurerm_public_ip",
      "name": "spoke_2_vm_2_pub_ip_1",
      "provider": "provider[\"registry.terraform.io/hashicorp/azurerm\"]",
      "instances": [
        {
          "schema_version": 0,
          "attributes": {
            "allocation_method": "Dynamic",
            "domain_name_label": null,
            "fqdn": null,
            "id": "/subscriptions/26e1cfc4-443a-4b81-96ae-f915a736c065/resourceGroups/az_spoke_2_rg_1/providers/Microsoft.Network/publicIPAddresses/az_spoke_2_vm_2_pub_ip_1",
            "idle_timeout_in_minutes": 4,
            "ip_address": "",
            "ip_version": "IPv4",
            "location": "eastus",
            "name": "az_spoke_2_vm_2_pub_ip_1",
            "public_ip_prefix_id": null,
            "resource_group_name": "az_spoke_2_rg_1",
            "reverse_fqdn": null,
            "sku": "Basic",
            "tags": {
              "attachedTo": "VM2",
              "env": "spoke_2",
              "type": "PupIP"
            },
            "timeouts": null,
            "zones": null
          },
          "private": "eyJlMmJmYjczMC1lY2FhLTExZTYtOGY4OC0zNDM2M2JjN2M0YzAiOnsiY3JlYXRlIjoxODAwMDAwMDAwMDAwLCJkZWxldGUiOjE4MDAwMDAwMDAwMDAsInJlYWQiOjMwMDAwMDAwMDAwMCwidXBkYXRlIjoxODAwMDAwMDAwMDAwfX0=",
          "dependencies": [
            "azurerm_resource_group.spoke_2_rg_1"
          ]
        }
      ]
    },
    {
      "mode": "managed",
      "type": "azurerm_resource_group",
      "name": "hub_rg_1",
      "provider": "provider[\"registry.terraform.io/hashicorp/azurerm\"]",
      "instances": [
        {
          "schema_version": 0,
          "attributes": {
            "id": "/subscriptions/26e1cfc4-443a-4b81-96ae-f915a736c065/resourceGroups/az_hub_rg_1",
            "location": "westus",
            "name": "az_hub_rg_1",
            "tags": {
              "env": "hub"
            },
            "timeouts": null
          },
          "private": "eyJlMmJmYjczMC1lY2FhLTExZTYtOGY4OC0zNDM2M2JjN2M0YzAiOnsiY3JlYXRlIjo1NDAwMDAwMDAwMDAwLCJkZWxldGUiOjU0MDAwMDAwMDAwMDAsInJlYWQiOjMwMDAwMDAwMDAwMCwidXBkYXRlIjo1NDAwMDAwMDAwMDAwfX0="
        }
      ]
    },
    {
      "mode": "managed",
      "type": "azurerm_resource_group",
      "name": "onprem_rg_1",
      "provider": "provider[\"registry.terraform.io/hashicorp/azurerm\"]",
      "instances": [
        {
          "schema_version": 0,
          "attributes": {
            "id": "/subscriptions/26e1cfc4-443a-4b81-96ae-f915a736c065/resourceGroups/az_onprem_rg_1",
            "location": "eastus",
            "name": "az_onprem_rg_1",
            "tags": {
              "env": "onprem"
            },
            "timeouts": null
          },
          "private": "eyJlMmJmYjczMC1lY2FhLTExZTYtOGY4OC0zNDM2M2JjN2M0YzAiOnsiY3JlYXRlIjo1NDAwMDAwMDAwMDAwLCJkZWxldGUiOjU0MDAwMDAwMDAwMDAsInJlYWQiOjMwMDAwMDAwMDAwMCwidXBkYXRlIjo1NDAwMDAwMDAwMDAwfX0="
        }
      ]
    },
    {
      "mode": "managed",
      "type": "azurerm_resource_group",
      "name": "spoke_1_rg_1",
      "provider": "provider[\"registry.terraform.io/hashicorp/azurerm\"]",
      "instances": [
        {
          "schema_version": 0,
          "attributes": {
            "id": "/subscriptions/26e1cfc4-443a-4b81-96ae-f915a736c065/resourceGroups/az_spoke_1_rg_1",
            "location": "eastus",
            "name": "az_spoke_1_rg_1",
            "tags": {
              "env": "spoke_1"
            },
            "timeouts": null
          },
          "private": "eyJlMmJmYjczMC1lY2FhLTExZTYtOGY4OC0zNDM2M2JjN2M0YzAiOnsiY3JlYXRlIjo1NDAwMDAwMDAwMDAwLCJkZWxldGUiOjU0MDAwMDAwMDAwMDAsInJlYWQiOjMwMDAwMDAwMDAwMCwidXBkYXRlIjo1NDAwMDAwMDAwMDAwfX0="
        }
      ]
    },
    {
      "mode": "managed",
      "type": "azurerm_resource_group",
      "name": "spoke_2_rg_1",
      "provider": "provider[\"registry.terraform.io/hashicorp/azurerm\"]",
      "instances": [
        {
          "schema_version": 0,
          "attributes": {
            "id": "/subscriptions/26e1cfc4-443a-4b81-96ae-f915a736c065/resourceGroups/az_spoke_2_rg_1",
            "location": "eastus",
            "name": "az_spoke_2_rg_1",
            "tags": {
              "env": "spoke_2"
            },
            "timeouts": null
          },
          "private": "eyJlMmJmYjczMC1lY2FhLTExZTYtOGY4OC0zNDM2M2JjN2M0YzAiOnsiY3JlYXRlIjo1NDAwMDAwMDAwMDAwLCJkZWxldGUiOjU0MDAwMDAwMDAwMDAsInJlYWQiOjMwMDAwMDAwMDAwMCwidXBkYXRlIjo1NDAwMDAwMDAwMDAwfX0="
        }
      ]
    },
    {
      "mode": "managed",
      "type": "azurerm_subnet",
      "name": "hub_subnet_1",
      "provider": "provider[\"registry.terraform.io/hashicorp/azurerm\"]",
      "instances": [
        {
          "schema_version": 0,
          "attributes": {
            "address_prefix": "10.0.2.0/24",
            "address_prefixes": [
              "10.0.2.0/24"
            ],
            "delegation": [],
            "enforce_private_link_endpoint_network_policies": false,
            "enforce_private_link_service_network_policies": false,
            "id": "/subscriptions/26e1cfc4-443a-4b81-96ae-f915a736c065/resourceGroups/az_hub_rg_1/providers/Microsoft.Network/virtualNetworks/az_hub_vn_1/subnets/az_hub_subnet_10_0_2",
            "name": "az_hub_subnet_10_0_2",
            "resource_group_name": "az_hub_rg_1",
            "service_endpoints": [],
            "timeouts": null,
            "virtual_network_name": "az_hub_vn_1"
          },
          "private": "eyJlMmJmYjczMC1lY2FhLTExZTYtOGY4OC0zNDM2M2JjN2M0YzAiOnsiY3JlYXRlIjoxODAwMDAwMDAwMDAwLCJkZWxldGUiOjE4MDAwMDAwMDAwMDAsInJlYWQiOjMwMDAwMDAwMDAwMCwidXBkYXRlIjoxODAwMDAwMDAwMDAwfX0=",
          "dependencies": [
            "azurerm_resource_group.hub_rg_1",
            "azurerm_virtual_network.hub_virt_nw_1"
          ]
        }
      ]
    },
    {
      "mode": "managed",
      "type": "azurerm_subnet",
      "name": "hub_vpngw_subnet_1",
      "provider": "provider[\"registry.terraform.io/hashicorp/azurerm\"]",
      "instances": [
        {
          "schema_version": 0,
          "attributes": {
            "address_prefix": "10.0.1.0/24",
            "address_prefixes": [
              "10.0.1.0/24"
            ],
            "delegation": [],
            "enforce_private_link_endpoint_network_policies": false,
            "enforce_private_link_service_network_policies": false,
            "id": "/subscriptions/26e1cfc4-443a-4b81-96ae-f915a736c065/resourceGroups/az_hub_rg_1/providers/Microsoft.Network/virtualNetworks/az_hub_vn_1/subnets/GatewaySubnet",
            "name": "GatewaySubnet",
            "resource_group_name": "az_hub_rg_1",
            "service_endpoints": [],
            "timeouts": null,
            "virtual_network_name": "az_hub_vn_1"
          },
          "private": "eyJlMmJmYjczMC1lY2FhLTExZTYtOGY4OC0zNDM2M2JjN2M0YzAiOnsiY3JlYXRlIjoxODAwMDAwMDAwMDAwLCJkZWxldGUiOjE4MDAwMDAwMDAwMDAsInJlYWQiOjMwMDAwMDAwMDAwMCwidXBkYXRlIjoxODAwMDAwMDAwMDAwfX0=",
          "dependencies": [
            "azurerm_resource_group.hub_rg_1",
            "azurerm_virtual_network.hub_virt_nw_1"
          ]
        }
      ]
    },
    {
      "mode": "managed",
      "type": "azurerm_subnet",
      "name": "onprem_subnet_1",
      "provider": "provider[\"registry.terraform.io/hashicorp/azurerm\"]",
      "instances": [
        {
          "schema_version": 0,
          "attributes": {
            "address_prefix": "192.168.2.0/24",
            "address_prefixes": [
              "192.168.2.0/24"
            ],
            "delegation": [],
            "enforce_private_link_endpoint_network_policies": false,
            "enforce_private_link_service_network_policies": false,
            "id": "/subscriptions/26e1cfc4-443a-4b81-96ae-f915a736c065/resourceGroups/az_onprem_rg_1/providers/Microsoft.Network/virtualNetworks/az_onprem_vn_1/subnets/az_onprem_subnet_1",
            "name": "az_onprem_subnet_1",
            "resource_group_name": "az_onprem_rg_1",
            "service_endpoints": [],
            "timeouts": null,
            "virtual_network_name": "az_onprem_vn_1"
          },
          "private": "eyJlMmJmYjczMC1lY2FhLTExZTYtOGY4OC0zNDM2M2JjN2M0YzAiOnsiY3JlYXRlIjoxODAwMDAwMDAwMDAwLCJkZWxldGUiOjE4MDAwMDAwMDAwMDAsInJlYWQiOjMwMDAwMDAwMDAwMCwidXBkYXRlIjoxODAwMDAwMDAwMDAwfX0=",
          "dependencies": [
            "azurerm_resource_group.onprem_rg_1",
            "azurerm_virtual_network.onprem_virt_nw_1"
          ]
        }
      ]
    },
    {
      "mode": "managed",
      "type": "azurerm_subnet",
      "name": "onprem_vpngw_subnet_1",
      "provider": "provider[\"registry.terraform.io/hashicorp/azurerm\"]",
      "instances": [
        {
          "schema_version": 0,
          "attributes": {
            "address_prefix": "192.168.1.0/24",
            "address_prefixes": [
              "192.168.1.0/24"
            ],
            "delegation": [],
            "enforce_private_link_endpoint_network_policies": false,
            "enforce_private_link_service_network_policies": false,
            "id": "/subscriptions/26e1cfc4-443a-4b81-96ae-f915a736c065/resourceGroups/az_onprem_rg_1/providers/Microsoft.Network/virtualNetworks/az_onprem_vn_1/subnets/GatewaySubnet",
            "name": "GatewaySubnet",
            "resource_group_name": "az_onprem_rg_1",
            "service_endpoints": [],
            "timeouts": null,
            "virtual_network_name": "az_onprem_vn_1"
          },
          "private": "eyJlMmJmYjczMC1lY2FhLTExZTYtOGY4OC0zNDM2M2JjN2M0YzAiOnsiY3JlYXRlIjoxODAwMDAwMDAwMDAwLCJkZWxldGUiOjE4MDAwMDAwMDAwMDAsInJlYWQiOjMwMDAwMDAwMDAwMCwidXBkYXRlIjoxODAwMDAwMDAwMDAwfX0=",
          "dependencies": [
            "azurerm_resource_group.onprem_rg_1",
            "azurerm_virtual_network.onprem_virt_nw_1"
          ]
        }
      ]
    },
    {
      "mode": "managed",
      "type": "azurerm_subnet",
      "name": "spoke_1_subnet_1",
      "provider": "provider[\"registry.terraform.io/hashicorp/azurerm\"]",
      "instances": [
        {
          "schema_version": 0,
          "attributes": {
            "address_prefix": "10.1.0.0/24",
            "address_prefixes": [
              "10.1.0.0/24"
            ],
            "delegation": [],
            "enforce_private_link_endpoint_network_policies": false,
            "enforce_private_link_service_network_policies": false,
            "id": "/subscriptions/26e1cfc4-443a-4b81-96ae-f915a736c065/resourceGroups/az_spoke_1_rg_1/providers/Microsoft.Network/virtualNetworks/az_spoke_1_vn_1/subnets/az_spoke_1_subnet_1",
            "name": "az_spoke_1_subnet_1",
            "resource_group_name": "az_spoke_1_rg_1",
            "service_endpoints": [],
            "timeouts": null,
            "virtual_network_name": "az_spoke_1_vn_1"
          },
          "private": "eyJlMmJmYjczMC1lY2FhLTExZTYtOGY4OC0zNDM2M2JjN2M0YzAiOnsiY3JlYXRlIjoxODAwMDAwMDAwMDAwLCJkZWxldGUiOjE4MDAwMDAwMDAwMDAsInJlYWQiOjMwMDAwMDAwMDAwMCwidXBkYXRlIjoxODAwMDAwMDAwMDAwfX0=",
          "dependencies": [
            "azurerm_resource_group.spoke_1_rg_1",
            "azurerm_virtual_network.spoke_1_virt_nw_1"
          ]
        }
      ]
    },
    {
      "mode": "managed",
      "type": "azurerm_subnet",
      "name": "spoke_2_subnet_1",
      "provider": "provider[\"registry.terraform.io/hashicorp/azurerm\"]",
      "instances": [
        {
          "schema_version": 0,
          "attributes": {
            "address_prefix": "10.2.0.0/24",
            "address_prefixes": [
              "10.2.0.0/24"
            ],
            "delegation": [],
            "enforce_private_link_endpoint_network_policies": false,
            "enforce_private_link_service_network_policies": false,
            "id": "/subscriptions/26e1cfc4-443a-4b81-96ae-f915a736c065/resourceGroups/az_spoke_2_rg_1/providers/Microsoft.Network/virtualNetworks/az_spoke_2_vn_1/subnets/az_spoke_2_subnet_1",
            "name": "az_spoke_2_subnet_1",
            "resource_group_name": "az_spoke_2_rg_1",
            "service_endpoints": [],
            "timeouts": null,
            "virtual_network_name": "az_spoke_2_vn_1"
          },
          "private": "eyJlMmJmYjczMC1lY2FhLTExZTYtOGY4OC0zNDM2M2JjN2M0YzAiOnsiY3JlYXRlIjoxODAwMDAwMDAwMDAwLCJkZWxldGUiOjE4MDAwMDAwMDAwMDAsInJlYWQiOjMwMDAwMDAwMDAwMCwidXBkYXRlIjoxODAwMDAwMDAwMDAwfX0=",
          "dependencies": [
            "azurerm_resource_group.spoke_2_rg_1",
            "azurerm_virtual_network.spoke_2_virt_nw_1"
          ]
        }
      ]
    },
    {
      "mode": "managed",
      "type": "azurerm_subnet",
      "name": "spoke_2_subnet_2",
      "provider": "provider[\"registry.terraform.io/hashicorp/azurerm\"]",
      "instances": [
        {
          "schema_version": 0,
          "attributes": {
            "address_prefix": "10.2.2.0/24",
            "address_prefixes": [
              "10.2.2.0/24"
            ],
            "delegation": [],
            "enforce_private_link_endpoint_network_policies": false,
            "enforce_private_link_service_network_policies": false,
            "id": "/subscriptions/26e1cfc4-443a-4b81-96ae-f915a736c065/resourceGroups/az_spoke_2_rg_1/providers/Microsoft.Network/virtualNetworks/az_spoke_2_vn_1/subnets/az_spoke_2_subnet_2",
            "name": "az_spoke_2_subnet_2",
            "resource_group_name": "az_spoke_2_rg_1",
            "service_endpoints": [],
            "timeouts": null,
            "virtual_network_name": "az_spoke_2_vn_1"
          },
          "private": "eyJlMmJmYjczMC1lY2FhLTExZTYtOGY4OC0zNDM2M2JjN2M0YzAiOnsiY3JlYXRlIjoxODAwMDAwMDAwMDAwLCJkZWxldGUiOjE4MDAwMDAwMDAwMDAsInJlYWQiOjMwMDAwMDAwMDAwMCwidXBkYXRlIjoxODAwMDAwMDAwMDAwfX0=",
          "dependencies": [
            "azurerm_resource_group.spoke_2_rg_1",
            "azurerm_virtual_network.spoke_2_virt_nw_1"
          ]
        }
      ]
    },
    {
      "mode": "managed",
      "type": "azurerm_virtual_machine",
      "name": "hub_vm_1",
      "provider": "provider[\"registry.terraform.io/hashicorp/azurerm\"]",
      "instances": [
        {
          "schema_version": 0,
          "attributes": {
            "additional_capabilities": [],
            "availability_set_id": null,
            "boot_diagnostics": [],
            "delete_data_disks_on_termination": false,
            "delete_os_disk_on_termination": true,
            "id": "/subscriptions/26e1cfc4-443a-4b81-96ae-f915a736c065/resourceGroups/az_hub_rg_1/providers/Microsoft.Compute/virtualMachines/az_hub_vm_1",
            "identity": [],
            "license_type": null,
            "location": "westus",
            "name": "az_hub_vm_1",
            "network_interface_ids": [
              "/subscriptions/26e1cfc4-443a-4b81-96ae-f915a736c065/resourceGroups/az_hub_rg_1/providers/Microsoft.Network/networkInterfaces/az_hub_vm_nic_1"
            ],
            "os_profile": [
              {
                "admin_password": "",
                "admin_username": "testadmin",
                "computer_name": "hub-vm-1",
                "custom_data": ""
              }
            ],
            "os_profile_linux_config": [
              {
                "disable_password_authentication": false,
                "ssh_keys": []
              }
            ],
            "os_profile_secrets": [],
            "os_profile_windows_config": [],
            "plan": [],
            "primary_network_interface_id": null,
            "proximity_placement_group_id": null,
            "resource_group_name": "az_hub_rg_1",
            "storage_data_disk": [
              {
                "caching": "None",
                "create_option": "Attach",
                "disk_size_gb": 50,
                "lun": 0,
                "managed_disk_id": "/subscriptions/26e1cfc4-443a-4b81-96ae-f915a736c065/resourceGroups/az_hub_rg_1/providers/Microsoft.Compute/disks/az_hub_vm1_dataDisk1",
                "managed_disk_type": "Premium_LRS",
                "name": "az_hub_vm1_dataDisk1",
                "vhd_uri": "",
                "write_accelerator_enabled": false
              }
            ],
            "storage_image_reference": [
              {
                "id": "",
                "offer": "UbuntuServer",
                "publisher": "Canonical",
                "sku": "16.04-LTS",
                "version": "latest"
              }
            ],
            "storage_os_disk": [
              {
                "caching": "ReadWrite",
                "create_option": "FromImage",
                "disk_size_gb": 30,
                "image_uri": "",
                "managed_disk_id": "/subscriptions/26e1cfc4-443a-4b81-96ae-f915a736c065/resourceGroups/AZ_HUB_RG_1/providers/Microsoft.Compute/disks/az_hub_vm_osdisk_1",
                "managed_disk_type": "Standard_LRS",
                "name": "az_hub_vm_osdisk_1",
                "os_type": "Linux",
                "vhd_uri": "",
                "write_accelerator_enabled": false
              }
            ],
            "tags": {
              "env": "hub",
              "type": "VM"
            },
            "timeouts": null,
            "vm_size": "Standard_DS1_v2",
            "zones": []
          },
          "private": "eyJlMmJmYjczMC1lY2FhLTExZTYtOGY4OC0zNDM2M2JjN2M0YzAiOnsiY3JlYXRlIjozNjAwMDAwMDAwMDAwLCJkZWxldGUiOjM2MDAwMDAwMDAwMDAsInJlYWQiOjMwMDAwMDAwMDAwMCwidXBkYXRlIjozNjAwMDAwMDAwMDAwfX0=",
          "dependencies": [
            "azurerm_network_interface.hub_vm_nic_1",
            "azurerm_resource_group.hub_rg_1"
          ]
        }
      ]
    },
    {
      "mode": "managed",
      "type": "azurerm_virtual_machine",
      "name": "onprem_vm_1",
      "provider": "provider[\"registry.terraform.io/hashicorp/azurerm\"]",
      "instances": [
        {
          "schema_version": 0,
          "attributes": {
            "additional_capabilities": [],
            "availability_set_id": null,
            "boot_diagnostics": [],
            "delete_data_disks_on_termination": false,
            "delete_os_disk_on_termination": true,
            "id": "/subscriptions/26e1cfc4-443a-4b81-96ae-f915a736c065/resourceGroups/az_onprem_rg_1/providers/Microsoft.Compute/virtualMachines/az_onprem_vm_1",
            "identity": [],
            "license_type": null,
            "location": "eastus",
            "name": "az_onprem_vm_1",
            "network_interface_ids": [
              "/subscriptions/26e1cfc4-443a-4b81-96ae-f915a736c065/resourceGroups/az_onprem_rg_1/providers/Microsoft.Network/networkInterfaces/az_onprem_vm_nic_1"
            ],
            "os_profile": [
              {
                "admin_password": "",
                "admin_username": "testadmin",
                "computer_name": "onprem-vm-1",
                "custom_data": ""
              }
            ],
            "os_profile_linux_config": [
              {
                "disable_password_authentication": false,
                "ssh_keys": []
              }
            ],
            "os_profile_secrets": [],
            "os_profile_windows_config": [],
            "plan": [],
            "primary_network_interface_id": null,
            "proximity_placement_group_id": null,
            "resource_group_name": "az_onprem_rg_1",
            "storage_data_disk": [],
            "storage_image_reference": [
              {
                "id": "",
                "offer": "UbuntuServer",
                "publisher": "Canonical",
                "sku": "16.04-LTS",
                "version": "latest"
              }
            ],
            "storage_os_disk": [
              {
                "caching": "ReadWrite",
                "create_option": "FromImage",
                "disk_size_gb": 30,
                "image_uri": "",
                "managed_disk_id": "/subscriptions/26e1cfc4-443a-4b81-96ae-f915a736c065/resourceGroups/AZ_ONPREM_RG_1/providers/Microsoft.Compute/disks/az_onprem_vm_osdisk_1",
                "managed_disk_type": "Standard_LRS",
                "name": "az_onprem_vm_osdisk_1",
                "os_type": "Linux",
                "vhd_uri": "",
                "write_accelerator_enabled": false
              }
            ],
            "tags": {
              "env": "onprem"
            },
            "timeouts": null,
            "vm_size": "Standard_DS1_v2",
            "zones": []
          },
          "private": "eyJlMmJmYjczMC1lY2FhLTExZTYtOGY4OC0zNDM2M2JjN2M0YzAiOnsiY3JlYXRlIjozNjAwMDAwMDAwMDAwLCJkZWxldGUiOjM2MDAwMDAwMDAwMDAsInJlYWQiOjMwMDAwMDAwMDAwMCwidXBkYXRlIjozNjAwMDAwMDAwMDAwfX0=",
          "dependencies": [
            "azurerm_network_interface.onprem_vm_nic_1",
            "azurerm_resource_group.onprem_rg_1"
          ]
        }
      ]
    },
    {
      "mode": "managed",
      "type": "azurerm_virtual_machine",
      "name": "spoke_1_vm_1",
      "provider": "provider[\"registry.terraform.io/hashicorp/azurerm\"]",
      "instances": [
        {
          "schema_version": 0,
          "attributes": {
            "additional_capabilities": [],
            "availability_set_id": null,
            "boot_diagnostics": [],
            "delete_data_disks_on_termination": false,
            "delete_os_disk_on_termination": true,
            "id": "/subscriptions/26e1cfc4-443a-4b81-96ae-f915a736c065/resourceGroups/az_spoke_1_rg_1/providers/Microsoft.Compute/virtualMachines/az_spoke_1_vm_1",
            "identity": [],
            "license_type": null,
            "location": "eastus",
            "name": "az_spoke_1_vm_1",
            "network_interface_ids": [
              "/subscriptions/26e1cfc4-443a-4b81-96ae-f915a736c065/resourceGroups/az_spoke_1_rg_1/providers/Microsoft.Network/networkInterfaces/az_spoke_1_vm_nic_1"
            ],
            "os_profile": [
              {
                "admin_password": "",
                "admin_username": "testadmin",
                "computer_name": "spoke-1-vm-1",
                "custom_data": ""
              }
            ],
            "os_profile_linux_config": [
              {
                "disable_password_authentication": false,
                "ssh_keys": []
              }
            ],
            "os_profile_secrets": [],
            "os_profile_windows_config": [],
            "plan": [],
            "primary_network_interface_id": null,
            "proximity_placement_group_id": null,
            "resource_group_name": "az_spoke_1_rg_1",
            "storage_data_disk": [],
            "storage_image_reference": [
              {
                "id": "",
                "offer": "UbuntuServer",
                "publisher": "Canonical",
                "sku": "16.04-LTS",
                "version": "latest"
              }
            ],
            "storage_os_disk": [
              {
                "caching": "ReadWrite",
                "create_option": "FromImage",
                "disk_size_gb": 30,
                "image_uri": "",
                "managed_disk_id": "/subscriptions/26e1cfc4-443a-4b81-96ae-f915a736c065/resourceGroups/AZ_SPOKE_1_RG_1/providers/Microsoft.Compute/disks/az_spoke_1_vm_osdisk_1",
                "managed_disk_type": "Standard_LRS",
                "name": "az_spoke_1_vm_osdisk_1",
                "os_type": "Linux",
                "vhd_uri": "",
                "write_accelerator_enabled": false
              }
            ],
            "tags": {
              "env": "spoke_1"
            },
            "timeouts": null,
            "vm_size": "Standard_DS1_v2",
            "zones": []
          },
          "private": "eyJlMmJmYjczMC1lY2FhLTExZTYtOGY4OC0zNDM2M2JjN2M0YzAiOnsiY3JlYXRlIjozNjAwMDAwMDAwMDAwLCJkZWxldGUiOjM2MDAwMDAwMDAwMDAsInJlYWQiOjMwMDAwMDAwMDAwMCwidXBkYXRlIjozNjAwMDAwMDAwMDAwfX0=",
          "dependencies": [
            "azurerm_network_interface.spoke_1_vm_nic_1",
            "azurerm_resource_group.spoke_1_rg_1"
          ]
        }
      ]
    },
    {
      "mode": "managed",
      "type": "azurerm_virtual_machine",
      "name": "spoke_2_vm_1",
      "provider": "provider[\"registry.terraform.io/hashicorp/azurerm\"]",
      "instances": [
        {
          "schema_version": 0,
          "attributes": {
            "additional_capabilities": [],
            "availability_set_id": null,
            "boot_diagnostics": [],
            "delete_data_disks_on_termination": false,
            "delete_os_disk_on_termination": true,
            "id": "/subscriptions/26e1cfc4-443a-4b81-96ae-f915a736c065/resourceGroups/az_spoke_2_rg_1/providers/Microsoft.Compute/virtualMachines/az_spoke_2_vm_1",
            "identity": [],
            "license_type": null,
            "location": "eastus",
            "name": "az_spoke_2_vm_1",
            "network_interface_ids": [
              "/subscriptions/26e1cfc4-443a-4b81-96ae-f915a736c065/resourceGroups/az_spoke_2_rg_1/providers/Microsoft.Network/networkInterfaces/az_spoke_2_vm_1_nic_1"
            ],
            "os_profile": [
              {
                "admin_password": "",
                "admin_username": "testadmin",
                "computer_name": "spoke-2-vm-1",
                "custom_data": ""
              }
            ],
            "os_profile_linux_config": [
              {
                "disable_password_authentication": false,
                "ssh_keys": []
              }
            ],
            "os_profile_secrets": [],
            "os_profile_windows_config": [],
            "plan": [],
            "primary_network_interface_id": null,
            "proximity_placement_group_id": null,
            "resource_group_name": "az_spoke_2_rg_1",
            "storage_data_disk": [],
            "storage_image_reference": [
              {
                "id": "",
                "offer": "UbuntuServer",
                "publisher": "Canonical",
                "sku": "16.04-LTS",
                "version": "latest"
              }
            ],
            "storage_os_disk": [
              {
                "caching": "ReadWrite",
                "create_option": "FromImage",
                "disk_size_gb": 30,
                "image_uri": "",
                "managed_disk_id": "/subscriptions/26e1cfc4-443a-4b81-96ae-f915a736c065/resourceGroups/AZ_SPOKE_2_RG_1/providers/Microsoft.Compute/disks/az_spoke_2_vm_1_osdisk_1",
                "managed_disk_type": "Standard_LRS",
                "name": "az_spoke_2_vm_1_osdisk_1",
                "os_type": "Linux",
                "vhd_uri": "",
                "write_accelerator_enabled": false
              }
            ],
            "tags": {
              "attachedTo": "VM1",
              "env": "spoke_2",
              "type": "VM"
            },
            "timeouts": null,
            "vm_size": "Standard_DS1_v2",
            "zones": []
          },
          "private": "eyJlMmJmYjczMC1lY2FhLTExZTYtOGY4OC0zNDM2M2JjN2M0YzAiOnsiY3JlYXRlIjozNjAwMDAwMDAwMDAwLCJkZWxldGUiOjM2MDAwMDAwMDAwMDAsInJlYWQiOjMwMDAwMDAwMDAwMCwidXBkYXRlIjozNjAwMDAwMDAwMDAwfX0=",
          "dependencies": [
            "azurerm_network_interface.spoke_2_vm_1_nic_1",
            "azurerm_public_ip.spoke_2_vm_1_pub_ip_1",
            "azurerm_resource_group.spoke_2_rg_1",
            "azurerm_subnet.spoke_2_subnet_1"
          ]
        }
      ]
    },
    {
      "mode": "managed",
      "type": "azurerm_virtual_machine",
      "name": "spoke_2_vm_2",
      "provider": "provider[\"registry.terraform.io/hashicorp/azurerm\"]",
      "instances": [
        {
          "schema_version": 0,
          "attributes": {
            "additional_capabilities": [],
            "availability_set_id": null,
            "boot_diagnostics": [],
            "delete_data_disks_on_termination": false,
            "delete_os_disk_on_termination": true,
            "id": "/subscriptions/26e1cfc4-443a-4b81-96ae-f915a736c065/resourceGroups/az_spoke_2_rg_1/providers/Microsoft.Compute/virtualMachines/az_spoke_2_vm_2",
            "identity": [],
            "license_type": null,
            "location": "eastus",
            "name": "az_spoke_2_vm_2",
            "network_interface_ids": [
              "/subscriptions/26e1cfc4-443a-4b81-96ae-f915a736c065/resourceGroups/az_spoke_2_rg_1/providers/Microsoft.Network/networkInterfaces/az_spoke_2_vm_2_nic_1"
            ],
            "os_profile": [
              {
                "admin_password": "",
                "admin_username": "testadmin",
                "computer_name": "az-spoke-2-vm-2",
                "custom_data": ""
              }
            ],
            "os_profile_linux_config": [
              {
                "disable_password_authentication": false,
                "ssh_keys": []
              }
            ],
            "os_profile_secrets": [],
            "os_profile_windows_config": [],
            "plan": [],
            "primary_network_interface_id": null,
            "proximity_placement_group_id": null,
            "resource_group_name": "az_spoke_2_rg_1",
            "storage_data_disk": [],
            "storage_image_reference": [
              {
                "id": "",
                "offer": "UbuntuServer",
                "publisher": "Canonical",
                "sku": "16.04-LTS",
                "version": "latest"
              }
            ],
            "storage_os_disk": [
              {
                "caching": "ReadWrite",
                "create_option": "FromImage",
                "disk_size_gb": 30,
                "image_uri": "",
                "managed_disk_id": "/subscriptions/26e1cfc4-443a-4b81-96ae-f915a736c065/resourceGroups/AZ_SPOKE_2_RG_1/providers/Microsoft.Compute/disks/az_spoke_2_vm_2_osdisk_1",
                "managed_disk_type": "Standard_LRS",
                "name": "az_spoke_2_vm_2_osdisk_1",
                "os_type": "Linux",
                "vhd_uri": "",
                "write_accelerator_enabled": false
              }
            ],
            "tags": {
              "attachedTo": "VM2",
              "env": "spoke_2",
              "type": "VM"
            },
            "timeouts": null,
            "vm_size": "Standard_DS1_v2",
            "zones": null
          },
          "private": "eyJlMmJmYjczMC1lY2FhLTExZTYtOGY4OC0zNDM2M2JjN2M0YzAiOnsiY3JlYXRlIjozNjAwMDAwMDAwMDAwLCJkZWxldGUiOjM2MDAwMDAwMDAwMDAsInJlYWQiOjMwMDAwMDAwMDAwMCwidXBkYXRlIjozNjAwMDAwMDAwMDAwfX0=",
          "dependencies": [
            "azurerm_network_interface.spoke_2_vm_2_nic_1",
            "azurerm_public_ip.spoke_2_vm_2_pub_ip_1",
            "azurerm_resource_group.spoke_2_rg_1",
            "azurerm_subnet.spoke_2_subnet_2"
          ]
        }
      ]
    },
    {
      "mode": "managed",
      "type": "azurerm_virtual_machine_extension",
      "name": "spoke_2_vm_2_extension",
      "provider": "provider[\"registry.terraform.io/hashicorp/azurerm\"]",
      "instances": [
        {
          "schema_version": 0,
          "attributes": {
            "auto_upgrade_minor_version": false,
            "id": "/subscriptions/26e1cfc4-443a-4b81-96ae-f915a736c065/resourceGroups/az_spoke_2_rg_1/providers/Microsoft.Compute/virtualMachines/az_spoke_2_vm_2/extensions/az-spoke-2-vm-2",
            "name": "az-spoke-2-vm-2",
            "protected_settings": null,
            "publisher": "Microsoft.Azure.Extensions",
            "settings": "{\"commandToExecute\":\"date \\u0026\\u0026 uname -a \"}",
            "tags": {
              "attachedTo": "VM2",
              "env": "spoke_2",
              "type": "VMextension"
            },
            "timeouts": null,
            "type": "CustomScript",
            "type_handler_version": "2.0",
            "virtual_machine_id": "/subscriptions/26e1cfc4-443a-4b81-96ae-f915a736c065/resourceGroups/az_spoke_2_rg_1/providers/Microsoft.Compute/virtualMachines/az_spoke_2_vm_2"
          },
          "private": "eyJlMmJmYjczMC1lY2FhLTExZTYtOGY4OC0zNDM2M2JjN2M0YzAiOnsiY3JlYXRlIjoxODAwMDAwMDAwMDAwLCJkZWxldGUiOjE4MDAwMDAwMDAwMDAsInJlYWQiOjMwMDAwMDAwMDAwMCwidXBkYXRlIjoxODAwMDAwMDAwMDAwfX0=",
          "dependencies": [
            "azurerm_network_interface.spoke_2_vm_2_nic_1",
            "azurerm_public_ip.spoke_2_vm_2_pub_ip_1",
            "azurerm_resource_group.spoke_2_rg_1",
            "azurerm_subnet.spoke_2_subnet_2",
            "azurerm_virtual_machine.spoke_2_vm_2"
          ]
        }
      ]
    },
    {
      "mode": "managed",
      "type": "azurerm_virtual_network",
      "name": "hub_virt_nw_1",
      "provider": "provider[\"registry.terraform.io/hashicorp/azurerm\"]",
      "instances": [
        {
          "schema_version": 0,
          "attributes": {
            "address_space": [
              "10.0.0.0/16"
            ],
            "ddos_protection_plan": [],
            "dns_servers": [],
            "guid": "3a76d768-062a-4396-8e08-2a58eeb72a31",
            "id": "/subscriptions/26e1cfc4-443a-4b81-96ae-f915a736c065/resourceGroups/az_hub_rg_1/providers/Microsoft.Network/virtualNetworks/az_hub_vn_1",
            "location": "westus",
            "name": "az_hub_vn_1",
            "resource_group_name": "az_hub_rg_1",
            "subnet": [
              {
                "address_prefix": "10.0.1.0/24",
                "id": "/subscriptions/26e1cfc4-443a-4b81-96ae-f915a736c065/resourceGroups/az_hub_rg_1/providers/Microsoft.Network/virtualNetworks/az_hub_vn_1/subnets/GatewaySubnet",
                "name": "GatewaySubnet",
                "security_group": ""
              },
              {
                "address_prefix": "10.0.2.0/24",
                "id": "/subscriptions/26e1cfc4-443a-4b81-96ae-f915a736c065/resourceGroups/az_hub_rg_1/providers/Microsoft.Network/virtualNetworks/az_hub_vn_1/subnets/az_hub_subnet_10_0_2",
                "name": "az_hub_subnet_10_0_2",
                "security_group": ""
              }
            ],
            "tags": {
              "env": "hub"
            },
            "timeouts": null
          },
          "private": "eyJlMmJmYjczMC1lY2FhLTExZTYtOGY4OC0zNDM2M2JjN2M0YzAiOnsiY3JlYXRlIjoxODAwMDAwMDAwMDAwLCJkZWxldGUiOjE4MDAwMDAwMDAwMDAsInJlYWQiOjMwMDAwMDAwMDAwMCwidXBkYXRlIjoxODAwMDAwMDAwMDAwfX0=",
          "dependencies": [
            "azurerm_resource_group.hub_rg_1"
          ]
        }
      ]
    },
    {
      "mode": "managed",
      "type": "azurerm_virtual_network",
      "name": "onprem_virt_nw_1",
      "provider": "provider[\"registry.terraform.io/hashicorp/azurerm\"]",
      "instances": [
        {
          "schema_version": 0,
          "attributes": {
            "address_space": [
              "192.168.0.0/22"
            ],
            "ddos_protection_plan": [],
            "dns_servers": [],
            "guid": "c7fc1d7d-8915-4ae1-bcbe-69863ef7bc87",
            "id": "/subscriptions/26e1cfc4-443a-4b81-96ae-f915a736c065/resourceGroups/az_onprem_rg_1/providers/Microsoft.Network/virtualNetworks/az_onprem_vn_1",
            "location": "eastus",
            "name": "az_onprem_vn_1",
            "resource_group_name": "az_onprem_rg_1",
            "subnet": [
              {
                "address_prefix": "192.168.1.0/24",
                "id": "/subscriptions/26e1cfc4-443a-4b81-96ae-f915a736c065/resourceGroups/az_onprem_rg_1/providers/Microsoft.Network/virtualNetworks/az_onprem_vn_1/subnets/GatewaySubnet",
                "name": "GatewaySubnet",
                "security_group": ""
              },
              {
                "address_prefix": "192.168.2.0/24",
                "id": "/subscriptions/26e1cfc4-443a-4b81-96ae-f915a736c065/resourceGroups/az_onprem_rg_1/providers/Microsoft.Network/virtualNetworks/az_onprem_vn_1/subnets/az_onprem_subnet_1",
                "name": "az_onprem_subnet_1",
                "security_group": ""
              }
            ],
            "tags": {
              "env": "onprem"
            },
            "timeouts": null
          },
          "private": "eyJlMmJmYjczMC1lY2FhLTExZTYtOGY4OC0zNDM2M2JjN2M0YzAiOnsiY3JlYXRlIjoxODAwMDAwMDAwMDAwLCJkZWxldGUiOjE4MDAwMDAwMDAwMDAsInJlYWQiOjMwMDAwMDAwMDAwMCwidXBkYXRlIjoxODAwMDAwMDAwMDAwfX0=",
          "dependencies": [
            "azurerm_resource_group.onprem_rg_1"
          ]
        }
      ]
    },
    {
      "mode": "managed",
      "type": "azurerm_virtual_network",
      "name": "spoke_1_virt_nw_1",
      "provider": "provider[\"registry.terraform.io/hashicorp/azurerm\"]",
      "instances": [
        {
          "schema_version": 0,
          "attributes": {
            "address_space": [
              "10.1.0.0/16"
            ],
            "ddos_protection_plan": [],
            "dns_servers": [],
            "guid": "dbe26772-2fd4-4151-b677-ba9f8bbea31e",
            "id": "/subscriptions/26e1cfc4-443a-4b81-96ae-f915a736c065/resourceGroups/az_spoke_1_rg_1/providers/Microsoft.Network/virtualNetworks/az_spoke_1_vn_1",
            "location": "eastus",
            "name": "az_spoke_1_vn_1",
            "resource_group_name": "az_spoke_1_rg_1",
            "subnet": [
              {
                "address_prefix": "10.1.0.0/24",
                "id": "/subscriptions/26e1cfc4-443a-4b81-96ae-f915a736c065/resourceGroups/az_spoke_1_rg_1/providers/Microsoft.Network/virtualNetworks/az_spoke_1_vn_1/subnets/az_spoke_1_subnet_1",
                "name": "az_spoke_1_subnet_1",
                "security_group": ""
              }
            ],
            "tags": {
              "env": "spoke_1"
            },
            "timeouts": null
          },
          "private": "eyJlMmJmYjczMC1lY2FhLTExZTYtOGY4OC0zNDM2M2JjN2M0YzAiOnsiY3JlYXRlIjoxODAwMDAwMDAwMDAwLCJkZWxldGUiOjE4MDAwMDAwMDAwMDAsInJlYWQiOjMwMDAwMDAwMDAwMCwidXBkYXRlIjoxODAwMDAwMDAwMDAwfX0=",
          "dependencies": [
            "azurerm_resource_group.spoke_1_rg_1"
          ]
        }
      ]
    },
    {
      "mode": "managed",
      "type": "azurerm_virtual_network",
      "name": "spoke_2_virt_nw_1",
      "provider": "provider[\"registry.terraform.io/hashicorp/azurerm\"]",
      "instances": [
        {
          "schema_version": 0,
          "attributes": {
            "address_space": [
              "10.2.0.0/16"
            ],
            "ddos_protection_plan": [],
            "dns_servers": [],
            "guid": "519607d8-a18f-4342-8849-b2003016dfa2",
            "id": "/subscriptions/26e1cfc4-443a-4b81-96ae-f915a736c065/resourceGroups/az_spoke_2_rg_1/providers/Microsoft.Network/virtualNetworks/az_spoke_2_vn_1",
            "location": "eastus",
            "name": "az_spoke_2_vn_1",
            "resource_group_name": "az_spoke_2_rg_1",
            "subnet": [
              {
                "address_prefix": "10.2.0.0/24",
                "id": "/subscriptions/26e1cfc4-443a-4b81-96ae-f915a736c065/resourceGroups/az_spoke_2_rg_1/providers/Microsoft.Network/virtualNetworks/az_spoke_2_vn_1/subnets/az_spoke_2_subnet_1",
                "name": "az_spoke_2_subnet_1",
                "security_group": ""
              },
              {
                "address_prefix": "10.2.2.0/24",
                "id": "/subscriptions/26e1cfc4-443a-4b81-96ae-f915a736c065/resourceGroups/az_spoke_2_rg_1/providers/Microsoft.Network/virtualNetworks/az_spoke_2_vn_1/subnets/az_spoke_2_subnet_2",
                "name": "az_spoke_2_subnet_2",
                "security_group": ""
              }
            ],
            "tags": {
              "env": "spoke_2"
            },
            "timeouts": null
          },
          "private": "eyJlMmJmYjczMC1lY2FhLTExZTYtOGY4OC0zNDM2M2JjN2M0YzAiOnsiY3JlYXRlIjoxODAwMDAwMDAwMDAwLCJkZWxldGUiOjE4MDAwMDAwMDAwMDAsInJlYWQiOjMwMDAwMDAwMDAwMCwidXBkYXRlIjoxODAwMDAwMDAwMDAwfX0=",
          "dependencies": [
            "azurerm_resource_group.spoke_2_rg_1"
          ]
        }
      ]
    },
    {
      "mode": "managed",
      "type": "azurerm_virtual_network_gateway",
      "name": "hub_vpn_gw",
      "provider": "provider[\"registry.terraform.io/hashicorp/azurerm\"]",
      "instances": [
        {
          "schema_version": 0,
          "attributes": {
            "active_active": false,
            "bgp_settings": [
              {
                "asn": 65515,
                "peer_weight": 0,
                "peering_address": "10.0.1.254"
              }
            ],
            "default_local_network_gateway_id": null,
            "enable_bgp": false,
            "generation": "Generation1",
            "id": "/subscriptions/26e1cfc4-443a-4b81-96ae-f915a736c065/resourceGroups/az_hub_rg_1/providers/Microsoft.Network/virtualNetworkGateways/az_hub_vpn_gw",
            "ip_configuration": [
              {
                "name": "hubVPNGWVnetconfiguration",
                "private_ip_address_allocation": "Dynamic",
                "public_ip_address_id": "/subscriptions/26e1cfc4-443a-4b81-96ae-f915a736c065/resourceGroups/az_hub_rg_1/providers/Microsoft.Network/publicIPAddresses/az_hub_vpngw_pub_ip_1",
                "subnet_id": "/subscriptions/26e1cfc4-443a-4b81-96ae-f915a736c065/resourceGroups/az_hub_rg_1/providers/Microsoft.Network/virtualNetworks/az_hub_vn_1/subnets/GatewaySubnet"
              }
            ],
            "location": "westus",
            "name": "az_hub_vpn_gw",
            "resource_group_name": "az_hub_rg_1",
            "sku": "Basic",
            "tags": {},
            "timeouts": null,
            "type": "Vpn",
            "vpn_client_configuration": [],
            "vpn_type": "RouteBased"
          },
          "private": "eyJlMmJmYjczMC1lY2FhLTExZTYtOGY4OC0zNDM2M2JjN2M0YzAiOnsiY3JlYXRlIjozNjAwMDAwMDAwMDAwLCJkZWxldGUiOjM2MDAwMDAwMDAwMDAsInJlYWQiOjMwMDAwMDAwMDAwMCwidXBkYXRlIjozNjAwMDAwMDAwMDAwfX0=",
          "dependencies": [
            "azurerm_public_ip.hub_vpngw_pub_ip_1",
            "azurerm_resource_group.hub_rg_1",
            "azurerm_subnet.hub_vpngw_subnet_1",
            "azurerm_virtual_network.hub_virt_nw_1"
          ]
        }
      ]
    },
    {
      "mode": "managed",
      "type": "azurerm_virtual_network_gateway",
      "name": "onprem_vpn_gw",
      "provider": "provider[\"registry.terraform.io/hashicorp/azurerm\"]",
      "instances": [
        {
          "schema_version": 0,
          "attributes": {
            "active_active": false,
            "bgp_settings": [
              {
                "asn": 65515,
                "peer_weight": 0,
                "peering_address": "192.168.1.254"
              }
            ],
            "default_local_network_gateway_id": null,
            "enable_bgp": false,
            "generation": "Generation1",
            "id": "/subscriptions/26e1cfc4-443a-4b81-96ae-f915a736c065/resourceGroups/az_onprem_rg_1/providers/Microsoft.Network/virtualNetworkGateways/az_onprem_vpn_gw",
            "ip_configuration": [
              {
                "name": "OnpremVPNGWVnetconfiguration",
                "private_ip_address_allocation": "Dynamic",
                "public_ip_address_id": "/subscriptions/26e1cfc4-443a-4b81-96ae-f915a736c065/resourceGroups/az_onprem_rg_1/providers/Microsoft.Network/publicIPAddresses/az_onprem_vpngw_pub_ip_1",
                "subnet_id": "/subscriptions/26e1cfc4-443a-4b81-96ae-f915a736c065/resourceGroups/az_onprem_rg_1/providers/Microsoft.Network/virtualNetworks/az_onprem_vn_1/subnets/GatewaySubnet"
              }
            ],
            "location": "eastus",
            "name": "az_onprem_vpn_gw",
            "resource_group_name": "az_onprem_rg_1",
            "sku": "Basic",
            "tags": {},
            "timeouts": null,
            "type": "Vpn",
            "vpn_client_configuration": [],
            "vpn_type": "RouteBased"
          },
          "private": "eyJlMmJmYjczMC1lY2FhLTExZTYtOGY4OC0zNDM2M2JjN2M0YzAiOnsiY3JlYXRlIjozNjAwMDAwMDAwMDAwLCJkZWxldGUiOjM2MDAwMDAwMDAwMDAsInJlYWQiOjMwMDAwMDAwMDAwMCwidXBkYXRlIjozNjAwMDAwMDAwMDAwfX0=",
          "dependencies": [
            "azurerm_public_ip.onprem_vpngw_pub_ip_1",
            "azurerm_resource_group.onprem_rg_1",
            "azurerm_subnet.onprem_vpngw_subnet_1",
            "azurerm_virtual_network.onprem_virt_nw_1"
          ]
        }
      ]
    },
    {
      "mode": "managed",
      "type": "azurerm_virtual_network_gateway_connection",
      "name": "hub2onprem_vpn_connection",
      "provider": "provider[\"registry.terraform.io/hashicorp/azurerm\"]",
      "instances": [
        {
          "schema_version": 0,
          "attributes": {
            "authorization_key": null,
            "connection_protocol": "IKEv2",
            "enable_bgp": false,
            "express_route_circuit_id": null,
            "express_route_gateway_bypass": false,
            "id": "/subscriptions/26e1cfc4-443a-4b81-96ae-f915a736c065/resourceGroups/az_hub_rg_1/providers/Microsoft.Network/connections/az_hub_2_onprem_von_connection",
            "ipsec_policy": [],
            "local_network_gateway_id": null,
            "location": "westus",
            "name": "az_hub_2_onprem_von_connection",
            "peer_virtual_network_gateway_id": "/subscriptions/26e1cfc4-443a-4b81-96ae-f915a736c065/resourceGroups/az_onprem_rg_1/providers/Microsoft.Network/virtualNetworkGateways/az_onprem_vpn_gw",
            "resource_group_name": "az_hub_rg_1",
            "routing_weight": 0,
            "shared_key": "myKey-1234!",
            "tags": {},
            "timeouts": null,
            "traffic_selector_policy": [],
            "type": "Vnet2Vnet",
            "use_policy_based_traffic_selectors": false,
            "virtual_network_gateway_id": "/subscriptions/26e1cfc4-443a-4b81-96ae-f915a736c065/resourceGroups/az_hub_rg_1/providers/Microsoft.Network/virtualNetworkGateways/az_hub_vpn_gw"
          },
          "private": "eyJlMmJmYjczMC1lY2FhLTExZTYtOGY4OC0zNDM2M2JjN2M0YzAiOnsiY3JlYXRlIjoxODAwMDAwMDAwMDAwLCJkZWxldGUiOjE4MDAwMDAwMDAwMDAsInJlYWQiOjMwMDAwMDAwMDAwMCwidXBkYXRlIjoxODAwMDAwMDAwMDAwfX0=",
          "dependencies": [
            "azurerm_public_ip.hub_vpngw_pub_ip_1",
            "azurerm_public_ip.onprem_vpngw_pub_ip_1",
            "azurerm_resource_group.hub_rg_1",
            "azurerm_resource_group.onprem_rg_1",
            "azurerm_subnet.hub_vpngw_subnet_1",
            "azurerm_subnet.onprem_vpngw_subnet_1",
            "azurerm_virtual_network.hub_virt_nw_1",
            "azurerm_virtual_network.onprem_virt_nw_1",
            "azurerm_virtual_network_gateway.hub_vpn_gw",
            "azurerm_virtual_network_gateway.onprem_vpn_gw"
          ]
        }
      ]
    },
    {
      "mode": "managed",
      "type": "azurerm_virtual_network_gateway_connection",
      "name": "onprem2hub_vpn_connection",
      "provider": "provider[\"registry.terraform.io/hashicorp/azurerm\"]",
      "instances": [
        {
          "schema_version": 0,
          "attributes": {
            "authorization_key": null,
            "connection_protocol": "IKEv2",
            "enable_bgp": false,
            "express_route_circuit_id": null,
            "express_route_gateway_bypass": false,
            "id": "/subscriptions/26e1cfc4-443a-4b81-96ae-f915a736c065/resourceGroups/az_onprem_rg_1/providers/Microsoft.Network/connections/az_Onprem_2_hub_von_connection",
            "ipsec_policy": [],
            "local_network_gateway_id": null,
            "location": "eastus",
            "name": "az_Onprem_2_hub_von_connection",
            "peer_virtual_network_gateway_id": "/subscriptions/26e1cfc4-443a-4b81-96ae-f915a736c065/resourceGroups/az_hub_rg_1/providers/Microsoft.Network/virtualNetworkGateways/az_hub_vpn_gw",
            "resource_group_name": "az_onprem_rg_1",
            "routing_weight": 0,
            "shared_key": "myKey-1234!",
            "tags": {},
            "timeouts": null,
            "traffic_selector_policy": [],
            "type": "Vnet2Vnet",
            "use_policy_based_traffic_selectors": false,
            "virtual_network_gateway_id": "/subscriptions/26e1cfc4-443a-4b81-96ae-f915a736c065/resourceGroups/az_onprem_rg_1/providers/Microsoft.Network/virtualNetworkGateways/az_onprem_vpn_gw"
          },
          "private": "eyJlMmJmYjczMC1lY2FhLTExZTYtOGY4OC0zNDM2M2JjN2M0YzAiOnsiY3JlYXRlIjoxODAwMDAwMDAwMDAwLCJkZWxldGUiOjE4MDAwMDAwMDAwMDAsInJlYWQiOjMwMDAwMDAwMDAwMCwidXBkYXRlIjoxODAwMDAwMDAwMDAwfX0=",
          "dependencies": [
            "azurerm_public_ip.hub_vpngw_pub_ip_1",
            "azurerm_public_ip.onprem_vpngw_pub_ip_1",
            "azurerm_resource_group.hub_rg_1",
            "azurerm_resource_group.onprem_rg_1",
            "azurerm_subnet.hub_vpngw_subnet_1",
            "azurerm_subnet.onprem_vpngw_subnet_1",
            "azurerm_virtual_network.hub_virt_nw_1",
            "azurerm_virtual_network.onprem_virt_nw_1",
            "azurerm_virtual_network_gateway.hub_vpn_gw",
            "azurerm_virtual_network_gateway.onprem_vpn_gw"
          ]
        }
      ]
    }
  ]
}
